
Microsoft Visual Studio Solution File, Format Version 12.00
# Visual Studio Version 16
VisualStudioVersion = 16.0.30523.141
MinimumVisualStudioVersion = 10.0.40219.1
Project("{FAE04EC0-301F-11D3-BF4B-00C04F79EFBC}") = "BeesApp.UWP", "BeesApp.UWP\BeesApp.UWP.csproj", "{CD64ECC5-6D69-4655-BF74-778903F56525}"
EndProject
Project("{FAE04EC0-301F-11D3-BF4B-00C04F79EFBC}") = "BeesApp.Android", "BeesApp.Android\BeesApp.Android.csproj", "{59A48766-F093-4AB9-9CD5-6223E5708A06}"
EndProject
Project("{FAE04EC0-301F-11D3-BF4B-00C04F79EFBC}") = "BeesApp.iOS", "BeesApp.iOS\BeesApp.iOS.csproj", "{D18EB7E7-9140-4F3B-9F25-7A92CF43D30B}"
EndProject
Project("{9A19103F-16F7-4668-BE54-9A1E7A4F7556}") = "BeesApp", "BeesApp\BeesApp.csproj", "{26CA9245-FF60-4ABD-AD70-DFDC961B6D2B}"
EndProject
Project("{9A19103F-16F7-4668-BE54-9A1E7A4F7556}") = "Bees.ClientData", "..\BeesData\Bees.ClientData\Bees.ClientData.csproj", "{BC3CD35C-6C9C-4321-B886-1735329F4CB8}"
EndProject
Global
	GlobalSection(SolutionConfigurationPlatforms) = preSolution
		Debug|Any CPU = Debug|Any CPU
		Debug|ARM = Debug|ARM
		Debug|iPhone = Debug|iPhone
		Debug|iPhoneSimulator = Debug|iPhoneSimulator
		Debug|x64 = Debug|x64
		Debug|x86 = Debug|x86
		Release|Any CPU = Release|Any CPU
		Release|ARM = Release|ARM
		Release|iPhone = Release|iPhone
		Release|iPhoneSimulator = Release|iPhoneSimulator
		Release|x64 = Release|x64
		Release|x86 = Release|x86
	EndGlobalSection
	GlobalSection(ProjectConfigurationPlatforms) = postSolution
		{CD64ECC5-6D69-4655-BF74-778903F56525}.Debug|Any CPU.ActiveCfg = Debug|x86
		{CD64ECC5-6D69-4655-BF74-778903F56525}.Debug|Any CPU.Build.0 = Debug|x86
		{CD64ECC5-6D69-4655-BF74-778903F56525}.Debug|Any CPU.Deploy.0 = Debug|x86
		{CD64ECC5-6D69-4655-BF74-778903F56525}.Debug|ARM.ActiveCfg = Debug|ARM
		{CD64ECC5-6D69-4655-BF74-778903F56525}.Debug|ARM.Build.0 = Debug|ARM
		{CD64ECC5-6D69-4655-BF74-778903F56525}.Debug|ARM.Deploy.0 = Debug|ARM
		{CD64ECC5-6D69-4655-BF74-778903F56525}.Debug|iPhone.ActiveCfg = Debug|x86
		{CD64ECC5-6D69-4655-BF74-778903F56525}.Debug|iPhone.Build.0 = Debug|x86
		{CD64ECC5-6D69-4655-BF74-778903F56525}.Debug|iPhone.Deploy.0 = Debug|x86
		{CD64ECC5-6D69-4655-BF74-778903F56525}.Debug|iPhoneSimulator.ActiveCfg = Debug|x86
		{CD64ECC5-6D69-4655-BF74-778903F56525}.Debug|iPhoneSimulator.Build.0 = Debug|x86
		{CD64ECC5-6D69-4655-BF74-778903F56525}.Debug|iPhoneSimulator.Deploy.0 = Debug|x86
		{CD64ECC5-6D69-4655-BF74-778903F56525}.Debug|x64.ActiveCfg = Debug|x64
		{CD64ECC5-6D69-4655-BF74-778903F56525}.Debug|x64.Build.0 = Debug|x64
		{CD64ECC5-6D69-4655-BF74-778903F56525}.Debug|x64.Deploy.0 = Debug|x64
		{CD64ECC5-6D69-4655-BF74-778903F56525}.Debug|x86.ActiveCfg = Debug|x86
		{CD64ECC5-6D69-4655-BF74-778903F56525}.Debug|x86.Build.0 = Debug|x86
		{CD64ECC5-6D69-4655-BF74-778903F56525}.Debug|x86.Deploy.0 = Debug|x86
		{CD64ECC5-6D69-4655-BF74-778903F56525}.Release|Any CPU.ActiveCfg = Release|x86
		{CD64ECC5-6D69-4655-BF74-778903F56525}.Release|Any CPU.Build.0 = Release|x86
		{CD64ECC5-6D69-4655-BF74-778903F56525}.Release|Any CPU.Deploy.0 = Release|x86
		{CD64ECC5-6D69-4655-BF74-778903F56525}.Release|ARM.ActiveCfg = Release|ARM
		{CD64ECC5-6D69-4655-BF74-778903F56525}.Release|ARM.Build.0 = Release|ARM
		{CD64ECC5-6D69-4655-BF74-778903F56525}.Release|ARM.Deploy.0 = Release|ARM
		{CD64ECC5-6D69-4655-BF74-778903F56525}.Release|iPhone.ActiveCfg = Release|x86
		{CD64ECC5-6D69-4655-BF74-778903F56525}.Release|iPhone.Build.0 = Release|x86
		{CD64ECC5-6D69-4655-BF74-778903F56525}.Release|iPhone.Deploy.0 = Release|x86
		{CD64ECC5-6D69-4655-BF74-778903F56525}.Release|iPhoneSimulator.ActiveCfg = Release|x86
		{CD64ECC5-6D69-4655-BF74-778903F56525}.Release|iPhoneSimulator.Build.0 = Release|x86
		{CD64ECC5-6D69-4655-BF74-778903F56525}.Release|iPhoneSimulator.Deploy.0 = Release|x86
		{CD64ECC5-6D69-4655-BF74-778903F56525}.Release|x64.ActiveCfg = Release|x64
		{CD64ECC5-6D69-4655-BF74-778903F56525}.Release|x64.Build.0 = Release|x64
		{CD64ECC5-6D69-4655-BF74-778903F56525}.Release|x64.Deploy.0 = Release|x64
		{CD64ECC5-6D69-4655-BF74-778903F56525}.Release|x86.ActiveCfg = Release|x86
		{CD64ECC5-6D69-4655-BF74-778903F56525}.Release|x86.Build.0 = Release|x86
		{CD64ECC5-6D69-4655-BF74-778903F56525}.Release|x86.Deploy.0 = Release|x86
		{59A48766-F093-4AB9-9CD5-6223E5708A06}.Debug|Any CPU.ActiveCfg = Debug|Any CPU
		{59A48766-F093-4AB9-9CD5-6223E5708A06}.Debug|Any CPU.Build.0 = Debug|Any CPU
		{59A48766-F093-4AB9-9CD5-6223E5708A06}.Debug|Any CPU.Deploy.0 = Debug|Any CPU
		{59A48766-F093-4AB9-9CD5-6223E5708A06}.Debug|ARM.ActiveCfg = Debug|Any CPU
		{59A48766-F093-4AB9-9CD5-6223E5708A06}.Debug|ARM.Build.0 = Debug|Any CPU
		{59A48766-F093-4AB9-9CD5-6223E5708A06}.Debug|ARM.Deploy.0 = Debug|Any CPU
		{59A48766-F093-4AB9-9CD5-6223E5708A06}.Debug|iPhone.ActiveCfg = Debug|Any CPU
		{59A48766-F093-4AB9-9CD5-6223E5708A06}.Debug|iPhone.Build.0 = Debug|Any CPU
		{59A48766-F093-4AB9-9CD5-6223E5708A06}.Debug|iPhone.Deploy.0 = Debug|Any CPU
		{59A48766-F093-4AB9-9CD5-6223E5708A06}.Debug|iPhoneSimulator.ActiveCfg = Debug|Any CPU
		{59A48766-F093-4AB9-9CD5-6223E5708A06}.Debug|iPhoneSimulator.Build.0 = Debug|Any CPU
		{59A48766-F093-4AB9-9CD5-6223E5708A06}.Debug|iPhoneSimulator.Deploy.0 = Debug|Any CPU
		{59A48766-F093-4AB9-9CD5-6223E5708A06}.Debug|x64.ActiveCfg = Debug|Any CPU
		{59A48766-F093-4AB9-9CD5-6223E5708A06}.Debug|x64.Build.0 = Debug|Any CPU
		{59A48766-F093-4AB9-9CD5-6223E5708A06}.Debug|x64.Deploy.0 = Debug|Any CPU
		{59A48766-F093-4AB9-9CD5-6223E5708A06}.Debug|x86.ActiveCfg = Debug|Any CPU
		{59A48766-F093-4AB9-9CD5-6223E5708A06}.Debug|x86.Build.0 = Debug|Any CPU
		{59A48766-F093-4AB9-9CD5-6223E5708A06}.Debug|x86.Deploy.0 = Debug|Any CPU
		{59A48766-F093-4AB9-9CD5-6223E5708A06}.Release|Any CPU.ActiveCfg = Release|Any CPU
		{59A48766-F093-4AB9-9CD5-6223E5708A06}.Release|Any CPU.Build.0 = Release|Any CPU
		{59A48766-F093-4AB9-9CD5-6223E5708A06}.Release|Any CPU.Deploy.0 = Release|Any CPU
		{59A48766-F093-4AB9-9CD5-6223E5708A06}.Release|ARM.ActiveCfg = Release|Any CPU
		{59A48766-F093-4AB9-9CD5-6223E5708A06}.Release|ARM.Build.0 = Release|Any CPU
		{59A48766-F093-4AB9-9CD5-6223E5708A06}.Release|ARM.Deploy.0 = Release|Any CPU
		{59A48766-F093-4AB9-9CD5-6223E5708A06}.Release|iPhone.ActiveCfg = Release|Any CPU
		{59A48766-F093-4AB9-9CD5-6223E5708A06}.Release|iPhone.Build.0 = Release|Any CPU
		{59A48766-F093-4AB9-9CD5-6223E5708A06}.Release|iPhone.Deploy.0 = Release|Any CPU
		{59A48766-F093-4AB9-9CD5-6223E5708A06}.Release|iPhoneSimulator.ActiveCfg = Release|Any CPU
		{59A48766-F093-4AB9-9CD5-6223E5708A06}.Release|iPhoneSimulator.Build.0 = Release|Any CPU
		{59A48766-F093-4AB9-9CD5-6223E5708A06}.Release|iPhoneSimulator.Deploy.0 = Release|Any CPU
		{59A48766-F093-4AB9-9CD5-6223E5708A06}.Release|x64.ActiveCfg = Release|Any CPU
		{59A48766-F093-4AB9-9CD5-6223E5708A06}.Release|x64.Build.0 = Release|Any CPU
		{59A48766-F093-4AB9-9CD5-6223E5708A06}.Release|x64.Deploy.0 = Release|Any CPU
		{59A48766-F093-4AB9-9CD5-6223E5708A06}.Release|x86.ActiveCfg = Release|Any CPU
		{59A48766-F093-4AB9-9CD5-6223E5708A06}.Release|x86.Build.0 = Release|Any CPU
		{59A48766-F093-4AB9-9CD5-6223E5708A06}.Release|x86.Deploy.0 = Release|Any CPU
		{D18EB7E7-9140-4F3B-9F25-7A92CF43D30B}.Debug|Any CPU.ActiveCfg = Debug|iPhoneSimulator
		{D18EB7E7-9140-4F3B-9F25-7A92CF43D30B}.Debug|Any CPU.Build.0 = Debug|iPhoneSimulator
		{D18EB7E7-9140-4F3B-9F25-7A92CF43D30B}.Debug|Any CPU.Deploy.0 = Debug|iPhoneSimulator
		{D18EB7E7-9140-4F3B-9F25-7A92CF43D30B}.Debug|ARM.ActiveCfg = Debug|iPhone
		{D18EB7E7-9140-4F3B-9F25-7A92CF43D30B}.Debug|ARM.Build.0 = Debug|iPhone
		{D18EB7E7-9140-4F3B-9F25-7A92CF43D30B}.Debug|ARM.Deploy.0 = Debug|iPhone
		{D18EB7E7-9140-4F3B-9F25-7A92CF43D30B}.Debug|iPhone.ActiveCfg = Debug|iPhone
		{D18EB7E7-9140-4F3B-9F25-7A92CF43D30B}.Debug|iPhone.Build.0 = Debug|iPhone
		{D18EB7E7-9140-4F3B-9F25-7A92CF43D30B}.Debug|iPhone.Deploy.0 = Debug|iPhone
		{D18EB7E7-9140-4F3B-9F25-7A92CF43D30B}.Debug|iPhoneSimulator.ActiveCfg = Debug|iPhoneSimulator
		{D18EB7E7-9140-4F3B-9F25-7A92CF43D30B}.Debug|iPhoneSimulator.Build.0 = Debug|iPhoneSimulator
		{D18EB7E7-9140-4F3B-9F25-7A92CF43D30B}.Debug|iPhoneSimulator.Deploy.0 = Debug|iPhoneSimulator
		{D18EB7E7-9140-4F3B-9F25-7A92CF43D30B}.Debug|x64.ActiveCfg = Debug|iPhoneSimulator
		{D18EB7E7-9140-4F3B-9F25-7A92CF43D30B}.Debug|x64.Build.0 = Debug|iPhoneSimulator
		{D18EB7E7-9140-4F3B-9F25-7A92CF43D30B}.Debug|x64.Deploy.0 = Debug|iPhoneSimulator
		{D18EB7E7-9140-4F3B-9F25-7A92CF43D30B}.Debug|x86.ActiveCfg = Debug|iPhoneSimulator
		{D18EB7E7-9140-4F3B-9F25-7A92CF43D30B}.Debug|x86.Build.0 = Debug|iPhoneSimulator
		{D18EB7E7-9140-4F3B-9F25-7A92CF43D30B}.Debug|x86.Deploy.0 = Debug|iPhoneSimulator
		{D18EB7E7-9140-4F3B-9F25-7A92CF43D30B}.Release|Any CPU.ActiveCfg = Release|iPhoneSimulator
		{D18EB7E7-9140-4F3B-9F25-7A92CF43D30B}.Release|Any CPU.Build.0 = Release|iPhoneSimulator
		{D18EB7E7-9140-4F3B-9F25-7A92CF43D30B}.Release|Any CPU.Deploy.0 = Release|iPhoneSimulator
		{D18EB7E7-9140-4F3B-9F25-7A92CF43D30B}.Release|ARM.ActiveCfg = Release|iPhoneSimulator
		{D18EB7E7-9140-4F3B-9F25-7A92CF43D30B}.Release|ARM.Build.0 = Release|iPhoneSimulator
		{D18EB7E7-9140-4F3B-9F25-7A92CF43D30B}.Release|ARM.Deploy.0 = Release|iPhoneSimulator
		{D18EB7E7-9140-4F3B-9F25-7A92CF43D30B}.Release|iPhone.ActiveCfg = Release|iPhone
		{D18EB7E7-9140-4F3B-9F25-7A92CF43D30B}.Release|iPhone.Build.0 = Release|iPhone
		{D18EB7E7-9140-4F3B-9F25-7A92CF43D30B}.Release|iPhone.Deploy.0 = Release|iPhone
		{D18EB7E7-9140-4F3B-9F25-7A92CF43D30B}.Release|iPhoneSimulator.ActiveCfg = Release|iPhoneSimulator
		{D18EB7E7-9140-4F3B-9F25-7A92CF43D30B}.Release|iPhoneSimulator.Build.0 = Release|iPhoneSimulator
		{D18EB7E7-9140-4F3B-9F25-7A92CF43D30B}.Release|iPhoneSimulator.Deploy.0 = Release|iPhoneSimulator
		{D18EB7E7-9140-4F3B-9F25-7A92CF43D30B}.Release|x64.ActiveCfg = Release|iPhoneSimulator
		{D18EB7E7-9140-4F3B-9F25-7A92CF43D30B}.Release|x64.Build.0 = Release|iPhoneSimulator
		{D18EB7E7-9140-4F3B-9F25-7A92CF43D30B}.Release|x64.Deploy.0 = Release|iPhoneSimulator
		{D18EB7E7-9140-4F3B-9F25-7A92CF43D30B}.Release|x86.ActiveCfg = Release|iPhoneSimulator
		{D18EB7E7-9140-4F3B-9F25-7A92CF43D30B}.Release|x86.Build.0 = Release|iPhoneSimulator
		{D18EB7E7-9140-4F3B-9F25-7A92CF43D30B}.Release|x86.Deploy.0 = Release|iPhoneSimulator
		{26CA9245-FF60-4ABD-AD70-DFDC961B6D2B}.Debug|Any CPU.ActiveCfg = Debug|Any CPU
		{26CA9245-FF60-4ABD-AD70-DFDC961B6D2B}.Debug|Any CPU.Build.0 = Debug|Any CPU
		{26CA9245-FF60-4ABD-AD70-DFDC961B6D2B}.Debug|Any CPU.Deploy.0 = Debug|Any CPU
		{26CA9245-FF60-4ABD-AD70-DFDC961B6D2B}.Debug|ARM.ActiveCfg = Debug|Any CPU
		{26CA9245-FF60-4ABD-AD70-DFDC961B6D2B}.Debug|ARM.Build.0 = Debug|Any CPU
		{26CA9245-FF60-4ABD-AD70-DFDC961B6D2B}.Debug|ARM.Deploy.0 = Debug|Any CPU
		{26CA9245-FF60-4ABD-AD70-DFDC961B6D2B}.Debug|iPhone.ActiveCfg = Debug|Any CPU
		{26CA9245-FF60-4ABD-AD70-DFDC961B6D2B}.Debug|iPhone.Build.0 = Debug|Any CPU
		{26CA9245-FF60-4ABD-AD70-DFDC961B6D2B}.Debug|iPhone.Deploy.0 = Debug|Any CPU
		{26CA9245-FF60-4ABD-AD70-DFDC961B6D2B}.Debug|iPhoneSimulator.ActiveCfg = Debug|Any CPU
		{26CA9245-FF60-4ABD-AD70-DFDC961B6D2B}.Debug|iPhoneSimulator.Build.0 = Debug|Any CPU
		{26CA9245-FF60-4ABD-AD70-DFDC961B6D2B}.Debug|iPhoneSimulator.Deploy.0 = Debug|Any CPU
		{26CA9245-FF60-4ABD-AD70-DFDC961B6D2B}.Debug|x64.ActiveCfg = Debug|Any CPU
		{26CA9245-FF60-4ABD-AD70-DFDC961B6D2B}.Debug|x64.Build.0 = Debug|Any CPU
		{26CA9245-FF60-4ABD-AD70-DFDC961B6D2B}.Debug|x64.Deploy.0 = Debug|Any CPU
		{26CA9245-FF60-4ABD-AD70-DFDC961B6D2B}.Debug|x86.ActiveCfg = Debug|Any CPU
		{26CA9245-FF60-4ABD-AD70-DFDC961B6D2B}.Debug|x86.Build.0 = Debug|Any CPU
		{26CA9245-FF60-4ABD-AD70-DFDC961B6D2B}.Debug|x86.Deploy.0 = Debug|Any CPU
		{26CA9245-FF60-4ABD-AD70-DFDC961B6D2B}.Release|Any CPU.ActiveCfg = Release|Any CPU
		{26CA9245-FF60-4ABD-AD70-DFDC961B6D2B}.Release|Any CPU.Build.0 = Release|Any CPU
		{26CA9245-FF60-4ABD-AD70-DFDC961B6D2B}.Release|Any CPU.Deploy.0 = Release|Any CPU
		{26CA9245-FF60-4ABD-AD70-DFDC961B6D2B}.Release|ARM.ActiveCfg = Release|Any CPU
		{26CA9245-FF60-4ABD-AD70-DFDC961B6D2B}.Release|ARM.Build.0 = Release|Any CPU
		{26CA9245-FF60-4ABD-AD70-DFDC961B6D2B}.Release|ARM.Deploy.0 = Release|Any CPU
		{26CA9245-FF60-4ABD-AD70-DFDC961B6D2B}.Release|iPhone.ActiveCfg = Release|Any CPU
		{26CA9245-FF60-4ABD-AD70-DFDC961B6D2B}.Release|iPhone.Build.0 = Release|Any CPU
		{26CA9245-FF60-4ABD-AD70-DFDC961B6D2B}.Release|iPhone.Deploy.0 = Release|Any CPU
		{26CA9245-FF60-4ABD-AD70-DFDC961B6D2B}.Release|iPhoneSimulator.ActiveCfg = Release|Any CPU
		{26CA9245-FF60-4ABD-AD70-DFDC961B6D2B}.Release|iPhoneSimulator.Build.0 = Release|Any CPU
		{26CA9245-FF60-4ABD-AD70-DFDC961B6D2B}.Release|iPhoneSimulator.Deploy.0 = Release|Any CPU
		{26CA9245-FF60-4ABD-AD70-DFDC961B6D2B}.Release|x64.ActiveCfg = Release|Any CPU
		{26CA9245-FF60-4ABD-AD70-DFDC961B6D2B}.Release|x64.Build.0 = Release|Any CPU
		{26CA9245-FF60-4ABD-AD70-DFDC961B6D2B}.Release|x64.Deploy.0 = Release|Any CPU
		{26CA9245-FF60-4ABD-AD70-DFDC961B6D2B}.Release|x86.ActiveCfg = Release|Any CPU
		{26CA9245-FF60-4ABD-AD70-DFDC961B6D2B}.Release|x86.Build.0 = Release|Any CPU
		{26CA9245-FF60-4ABD-AD70-DFDC961B6D2B}.Release|x86.Deploy.0 = Release|Any CPU
		{BC3CD35C-6C9C-4321-B886-1735329F4CB8}.Debug|Any CPU.ActiveCfg = Debug|Any CPU
		{BC3CD35C-6C9C-4321-B886-1735329F4CB8}.Debug|Any CPU.Build.0 = Debug|Any CPU
		{BC3CD35C-6C9C-4321-B886-1735329F4CB8}.Debug|ARM.ActiveCfg = Debug|Any CPU
		{BC3CD35C-6C9C-4321-B886-1735329F4CB8}.Debug|ARM.Build.0 = Debug|Any CPU
		{BC3CD35C-6C9C-4321-B886-1735329F4CB8}.Debug|iPhone.ActiveCfg = Debug|Any CPU
		{BC3CD35C-6C9C-4321-B886-1735329F4CB8}.Debug|iPhone.Build.0 = Debug|Any CPU
		{BC3CD35C-6C9C-4321-B886-1735329F4CB8}.Debug|iPhoneSimulator.ActiveCfg = Debug|Any CPU
		{BC3CD35C-6C9C-4321-B886-1735329F4CB8}.Debug|iPhoneSimulator.Build.0 = Debug|Any CPU
		{BC3CD35C-6C9C-4321-B886-1735329F4CB8}.Debug|x64.ActiveCfg = Debug|Any CPU
		{BC3CD35C-6C9C-4321-B886-1735329F4CB8}.Debug|x64.Build.0 = Debug|Any CPU
		{BC3CD35C-6C9C-4321-B886-1735329F4CB8}.Debug|x86.ActiveCfg = Debug|Any CPU
		{BC3CD35C-6C9C-4321-B886-1735329F4CB8}.Debug|x86.Build.0 = Debug|Any CPU
		{BC3CD35C-6C9C-4321-B886-1735329F4CB8}.Release|Any CPU.ActiveCfg = Release|Any CPU
		{BC3CD35C-6C9C-4321-B886-1735329F4CB8}.Release|Any CPU.Build.0 = Release|Any CPU
		{BC3CD35C-6C9C-4321-B886-1735329F4CB8}.Release|ARM.ActiveCfg = Release|Any CPU
		{BC3CD35C-6C9C-4321-B886-1735329F4CB8}.Release|ARM.Build.0 = Release|Any CPU
		{BC3CD35C-6C9C-4321-B886-1735329F4CB8}.Release|iPhone.ActiveCfg = Release|Any CPU
		{BC3CD35C-6C9C-4321-B886-1735329F4CB8}.Release|iPhone.Build.0 = Release|Any CPU
		{BC3CD35C-6C9C-4321-B886-1735329F4CB8}.Release|iPhoneSimulator.ActiveCfg = Release|Any CPU
		{BC3CD35C-6C9C-4321-B886-1735329F4CB8}.Release|iPhoneSimulator.Build.0 = Release|Any CPU
		{BC3CD35C-6C9C-4321-B886-1735329F4CB8}.Release|x64.ActiveCfg = Release|Any CPU
		{BC3CD35C-6C9C-4321-B886-1735329F4CB8}.Release|x64.Build.0 = Release|Any CPU
		{BC3CD35C-6C9C-4321-B886-1735329F4CB8}.Release|x86.ActiveCfg = Release|Any CPU
		{BC3CD35C-6C9C-4321-B886-1735329F4CB8}.Release|x86.Build.0 = Release|Any CPU
	EndGlobalSection
	GlobalSection(SolutionProperties) = preSolution
		HideSolutionNode = FALSE
	EndGlobalSection
	GlobalSection(ExtensibilityGlobals) = postSolution
		SolutionGuid = {43780BB6-AA9C-43B0-A935-C113A01E1C01}
	EndGlobalSection
EndGlobal
